{
  "name": "baseball-gambling-agent",
  "version": "1.0.0",
  "lockfileVersion": 3,
  "requires": true,
  "packages": {
    "": {
      "name": "baseball-gambling-agent",
      "version": "1.0.0",
      "dependencies": {
        "cheerio": "^1.0.0",
        "dotenv": "^16.4.5",
        "express": "^4.21.2"
      },
      "devDependencies": {
        "@types/express": "^5.0.1",
        "@types/node": "^22.13.10",
        "tsx": "^4.19.3",
        "typescript": "^5.8.2"
      }
    },
    "node_modules/@esbuild/aix-ppc64": {
      "version": "0.27.7",
      "resolved": "https://registry.npmjs.org/@esbuild/aix-ppc64/-/aix-ppc64-0.27.7.tgz",
      "integrity": "sha512-EKX3Qwmhz1eMdEJokhALr0YiD0lhQNwDqkPYyPhiSwKrh7/4KRjQc04sZ8db+5DVVnZ1LmbNDI1uAMPEUBnQPg==",
      "cpu": [
        "ppc64"
      ],
      "dev": true,
      "license": "MIT",
      "optional": true,
      "os": [
        "aix"
      ],
      "engines": {
        "node": ">=18"
      }
    },
    "node_modules/@esbuild/android-arm": {
      "version": "0.27.7",
      "resolved": "https://registry.npmjs.org/@esbuild/android-arm/-/android-arm-0.27.7.tgz",
      "integrity": "sha512-jbPXvB4Yj2yBV7HUfE2KHe4GJX51QplCN1pGbYjvsyCZbQmies29EoJbkEc+vYuU5o45AfQn37vZlyXy4YJ8RQ==",
      "cpu": [
        "arm"
      ],
      "dev": true,
      "license": "MIT",
      "optional": true,
      "os": [
        "android"
      ],
      "engines": {
        "node": ">=18"
      }
    },
    "node_modules/@esbuild/android-arm64": {
      "version": "0.27.7",
      "resolved": "https://registry.npmjs.org/@esbuild/android-arm64/-/android-arm64-0.27.7.tgz",
      "integrity": "sha512-62dPZHpIXzvChfvfLJow3q5dDtiNMkwiRzPylSCfriLvZeq0a1bWChrGx/BbUbPwOrsWKMn8idSllklzBy+dgQ==",
      "cpu": [
        "arm64"
      ],
      "dev": true,
      "license": "MIT",
      "optional": true,
      "os": [
        "android"
      ],
      "engines": {
        "node": ">=18"
      }
    },
    "node_modules/@esbuild/android-x64": {
      "version": "0.27.7",
      "resolved": "https://registry.npmjs.org/@esbuild/android-x64/-/android-x64-0.27.7.tgz",
      "integrity": "sha512-x5VpMODneVDb70PYV2VQOmIUUiBtY3D3mPBG8NxVk5CogneYhkR7MmM3yR/uMdITLrC1ml/NV1rj4bMJuy9MCg==",
      "cpu": [
        "x64"
      ],
      "dev": true,
      "license": "MIT",
      "optional": true,
      "os": [
        "android"
      ],
      "engines": {
        "node": ">=18"
      }
    },
    "node_modules/@esbuild/darwin-arm64": {
      "version": "0.27.7",
      "resolved": "https://registry.npmjs.org/@esbuild/darwin-arm64/-/darwin-arm64-0.27.7.tgz",
      "integrity": "sha512-5lckdqeuBPlKUwvoCXIgI2D9/ABmPq3Rdp7IfL70393YgaASt7tbju3Ac+ePVi3KDH6N2RqePfHnXkaDtY9fkw==",
      "cpu": [
        "arm64"
      ],
      "dev": true,
      "license": "MIT",
      "optional": true,
      "os": [
        "darwin"
      ],
      "engines": {
        "node": ">=18"
      }
    },
    "node_modules/@esbuild/darwin-x64": {
      "version": "0.27.7",
      "resolved": "https://registry.npmjs.org/@esbuild/darwin-x64/-/darwin-x64-0.27.7.tgz",
      "integrity": "sha512-rYnXrKcXuT7Z+WL5K980jVFdvVKhCHhUwid+dDYQpH+qu+TefcomiMAJpIiC2EM3Rjtq0sO3StMV/+3w3MyyqQ==",
      "cpu": [
        "x64"
      ],
      "dev": true,
      "license": "MIT",
      "optional": true,
      "os": [
        "darwin"
      ],
      "engines": {
        "node": ">=18"
      }
    },
    "node_modules/@esbuild/freebsd-arm64": {
      "version": "0.27.7",
      "resolved": "https://registry.npmjs.org/@esbuild/freebsd-arm64/-/freebsd-arm64-0.27.7.tgz",
      "integrity": "sha512-B48PqeCsEgOtzME2GbNM2roU29AMTuOIN91dsMO30t+Ydis3z/3Ngoj5hhnsOSSwNzS+6JppqWsuhTp6E82l2w==",
      "cpu": [
        "arm64"
      ],
      "dev": true,
      "license": "MIT",
      "optional": true,
      "os": [
        "freebsd"
      ],
      "engines": {
        "node": ">=18"
      }
    },
    "node_modules/@esbuild/freebsd-x64": {
      "version": "0.27.7",
      "resolved": "https://registry.npmjs.org/@esbuild/freebsd-x64/-/freebsd-x64-0.27.7.tgz",
      "integrity": "sha512-jOBDK5XEjA4m5IJK3bpAQF9/Lelu/Z9ZcdhTRLf4cajlB+8VEhFFRjWgfy3M1O4rO2GQ/b2dLwCUGpiF/eATNQ==",
      "cpu": [
        "x64"
      ],
      "dev": true,
      "license": "MIT",
      "optional": true,
      "os": [
        "freebsd"
      ],
      "engines": {
        "node": ">=18"
      }
    },
    "node_modules/@esbuild/linux-arm": {
      "version": "0.27.7",
      "resolved": "https://registry.npmjs.org/@esbuild/linux-arm/-/linux-arm-0.27.7.tgz",
      "integrity": "sha512-RkT/YXYBTSULo3+af8Ib0ykH8u2MBh57o7q/DAs3lTJlyVQkgQvlrPTnjIzzRPQyavxtPtfg0EopvDyIt0j1rA==",
      "cpu": [
        "arm"
      ],
      "dev": true,
      "license": "MIT",
      "optional": true,
      "os": [
        "linux"
      ],
      "engines": {
        "node": ">=18"
      }
    },
    "node_modules/@esbuild/linux-arm64": {
      "version": "0.27.7",
      "resolved": "https://registry.npmjs.org/@esbuild/linux-arm64/-/linux-arm64-0.27.7.tgz",
      "integrity": "sha512-RZPHBoxXuNnPQO9rvjh5jdkRmVizktkT7TCDkDmQ0W2SwHInKCAV95GRuvdSvA7w4VMwfCjUiPwDi0ZO6Nfe9A==",
      "cpu": [
        "arm64"
      ],
      "dev": true,
      "license": "MIT",
      "optional": true,
      "os": [
        "linux"
      ],
      "engines": {
        "node": ">=18"
      }
    },
    "node_modules/@esbuild/linux-ia32": {
      "version": "0.27.7",
      "resolved": "https://registry.npmjs.org/@esbuild/linux-ia32/-/linux-ia32-0.27.7.tgz",
      "integrity": "sha512-GA48aKNkyQDbd3KtkplYWT102C5sn/EZTY4XROkxONgruHPU72l+gW+FfF8tf2cFjeHaRbWpOYa/uRBz/Xq1Pg==",
      "cpu": [
        "ia32"
      ],
      "dev": true,
      "license": "MIT",
      "optional": true,
      "os": [
        "linux"
      ],
      "engines": {
        "node": ">=18"
      }
    },
    "node_modules/@esbuild/linux-loong64": {
      "version": "0.27.7",
      "resolved": "https://registry.npmjs.org/@esbuild/linux-loong64/-/linux-loong64-0.27.7.tgz",
      "integrity": "sha512-a4POruNM2oWsD4WKvBSEKGIiWQF8fZOAsycHOt6JBpZ+JN2n2JH9WAv56SOyu9X5IqAjqSIPTaJkqN8F7XOQ5Q==",
      "cpu": [
        "loong64"
      ],
      "dev": true,
      "license": "MIT",
      "optional": true,
      "os": [
        "linux"
      ],
      "engines": {
        "node": ">=18"
      }
    },
    "node_modules/@esbuild/linux-mips64el": {
      "version": "0.27.7",
      "resolved": "https://registry.npmjs.org/@esbuild/linux-mips64el/-/linux-mips64el-0.27.7.tgz",
      "integrity": "sha512-KabT5I6StirGfIz0FMgl1I+R1H73Gp0ofL9A3nG3i/cYFJzKHhouBV5VWK1CSgKvVaG4q1RNpCTR2LuTVB3fIw==",
      "cpu": [
        "mips64el"
      ],
      "dev": true,
      "license": "MIT",
      "optional": true,
      "os": [
        "linux"
      ],
      "engines": {
        "node": ">=18"
      }
    },
    "node_modules/@esbuild/linux-ppc64": {
      "version": "0.27.7",
      "resolved": "https://registry.npmjs.org/@esbuild/linux-ppc64/-/linux-ppc64-0.27.7.tgz",
      "integrity": "sha512-gRsL4x6wsGHGRqhtI+ifpN/vpOFTQtnbsupUF5R5YTAg+y/lKelYR1hXbnBdzDjGbMYjVJLJTd2OFmMewAgwlQ==",
      "cpu": [
        "ppc64"
      ],
      "dev": true,
      "license": "MIT",
      "optional": true,
      "os": [
        "linux"
      ],
      "engines": {
        "node": ">=18"
      }
    },
    "node_modules/@esbuild/linux-riscv64": {
      "version": "0.27.7",
      "resolved": "https://registry.npmjs.org/@esbuild/linux-riscv64/-/linux-riscv64-0.27.7.tgz",
      "integrity": "sha512-hL25LbxO1QOngGzu2U5xeXtxXcW+/GvMN3ejANqXkxZ/opySAZMrc+9LY/WyjAan41unrR3YrmtTsUpwT66InQ==",
      "cpu": [
        "riscv64"
      ],
      "dev": true,
      "license": "MIT",
      "optional": true,
      "os": [
        "linux"
      ],
      "engines": {
        "node": ">=18"
      }
    },
    "node_modules/@esbuild/linux-s390x": {
      "version": "0.27.7",
      "resolved": "https://registry.npmjs.org/@esbuild/linux-s390x/-/linux-s390x-0.27.7.tgz",
      "integrity": "sha512-2k8go8Ycu1Kb46vEelhu1vqEP+UeRVj2zY1pSuPdgvbd5ykAw82Lrro28vXUrRmzEsUV0NzCf54yARIK8r0fdw==",
      "cpu": [
        "s390x"
      ],
      "dev": true,
      "license": "MIT",
      "optional": true,
      "os": [
        "linux"
      ],
      "engines": {
        "node": ">=18"
      }
    },
    "node_modules/@esbuild/linux-x64": {
      "version": "0.27.7",
      "resolved": "https://registry.npmjs.org/@esbuild/linux-x64/-/linux-x64-0.27.7.tgz",
      "integrity": "sha512-hzznmADPt+OmsYzw1EE33ccA+HPdIqiCRq7cQeL1Jlq2gb1+OyWBkMCrYGBJ+sxVzve2ZJEVeePbLM2iEIZSxA==",
      "cpu": [
        "x64"
      ],
      "dev": true,
      "license": "MIT",
      "optional": true,
      "os": [
        "linux"
      ],
      "engines": {
        "node": ">=18"
      }
    },
    "node_modules/@esbuild/netbsd-arm64": {
      "version": "0.27.7",
      "resolved": "https://registry.npmjs.org/@esbuild/netbsd-arm64/-/netbsd-arm64-0.27.7.tgz",
      "integrity": "sha512-b6pqtrQdigZBwZxAn1UpazEisvwaIDvdbMbmrly7cDTMFnw/+3lVxxCTGOrkPVnsYIosJJXAsILG9XcQS+Yu6w==",
      "cpu": [
        "arm64"
      ],
      "dev": true,
      "license": "MIT",
      "optional": true,
      "os": [
        "netbsd"
      ],
      "engines": {
        "node": ">=18"
      }
    },
    "node_modules/@esbuild/netbsd-x64": {
      "version": "0.27.7",
      "resolved": "https://registry.npmjs.org/@esbuild/netbsd-x64/-/netbsd-x64-0.27.7.tgz",
      "integrity": "sha512-OfatkLojr6U+WN5EDYuoQhtM+1xco+/6FSzJJnuWiUw5eVcicbyK3dq5EeV/QHT1uy6GoDhGbFpprUiHUYggrw==",
      "cpu": [
        "x64"
      ],
      "dev": true,
      "license": "MIT",
      "optional": true,
      "os": [
        "netbsd"
      ],
      "engines": {
        "node": ">=18"
      }
    },
    "node_modules/@esbuild/openbsd-arm64": {
      "version": "0.27.7",
      "resolved": "https://registry.npmjs.org/@esbuild/openbsd-arm64/-/openbsd-arm64-0.27.7.tgz",
      "integrity": "sha512-AFuojMQTxAz75Fo8idVcqoQWEHIXFRbOc1TrVcFSgCZtQfSdc1RXgB3tjOn/krRHENUB4j00bfGjyl2mJrU37A==",
      "cpu": [
        "arm64"
      ],
      "dev": true,
      "license": "MIT",
      "optional": true,
      "os": [
        "openbsd"
      ],
      "engines": {
        "node": ">=18"
      }
    },
    "node_modules/@esbuild/openbsd-x64": {
      "version": "0.27.7",
      "resolved": "https://registry.npmjs.org/@esbuild/openbsd-x64/-/openbsd-x64-0.27.7.tgz",
      "integrity": "sha512-+A1NJmfM8WNDv5CLVQYJ5PshuRm/4cI6WMZRg1by1GwPIQPCTs1GLEUHwiiQGT5zDdyLiRM/l1G0Pv54gvtKIg==",
      "cpu": [
        "x64"
      ],
      "dev": true,
      "license": "MIT",
      "optional": true,
      "os": [
        "openbsd"
      ],
      "engines": {
        "node": ">=18"
      }
    },
    "node_modules/@esbuild/openharmony-arm64": {
      "version": "0.27.7",
      "resolved": "https://registry.npmjs.org/@esbuild/openharmony-arm64/-/openharmony-arm64-0.27.7.tgz",
      "integrity": "sha512-+KrvYb/C8zA9CU/g0sR6w2RBw7IGc5J2BPnc3dYc5VJxHCSF1yNMxTV5LQ7GuKteQXZtspjFbiuW5/dOj7H4Yw==",
      "cpu": [
        "arm64"
      ],
      "dev": true,
      "license": "MIT",
      "optional": true,
      "os": [
        "openharmony"
      ],
      "engines": {
        "node": ">=18"
      }
    },
    "node_modules/@esbuild/sunos-x64": {
      "version": "0.27.7",
      "resolved": "https://registry.npmjs.org/@esbuild/sunos-x64/-/sunos-x64-0.27.7.tgz",
      "integrity": "sha512-ikktIhFBzQNt/QDyOL580ti9+5mL/YZeUPKU2ivGtGjdTYoqz6jObj6nOMfhASpS4GU4Q/Clh1QtxWAvcYKamA==",
      "cpu": [
        "x64"
      ],
      "dev": true,
      "license": "MIT",
      "optional": true,
      "os": [
        "sunos"
      ],
      "engines": {
        "node": ">=18"
      }
    },
    "node_modules/@esbuild/win32-arm64": {
      "version": "0.27.7",
      "resolved": "https://registry.npmjs.org/@esbuild/win32-arm64/-/win32-arm64-0.27.7.tgz",
      "integrity": "sha512-7yRhbHvPqSpRUV7Q20VuDwbjW5kIMwTHpptuUzV+AA46kiPze5Z7qgt6CLCK3pWFrHeNfDd1VKgyP4O+ng17CA==",
      "cpu": [
        "arm64"
      ],
      "dev": true,
      "license": "MIT",
      "optional": true,
      "os": [
        "win32"
      ],
      "engines": {
        "node": ">=18"
      }
    },
    "node_modules/@esbuild/win32-ia32": {
      "version": "0.27.7",
      "resolved": "https://registry.npmjs.org/@esbuild/win32-ia32/-/win32-ia32-0.27.7.tgz",
      "integrity": "sha512-SmwKXe6VHIyZYbBLJrhOoCJRB/Z1tckzmgTLfFYOfpMAx63BJEaL9ExI8x7v0oAO3Zh6D/Oi1gVxEYr5oUCFhw==",
      "cpu": [
        "ia32"
      ],
      "dev": true,
      "license": "MIT",
      "optional": true,
      "os": [
        "win32"
      ],
      "engines": {
        "node": ">=18"
      }
    },
    "node_modules/@esbuild/win32-x64": {
      "version": "0.27.7",
      "resolved": "https://registry.npmjs.org/@esbuild/win32-x64/-/win32-x64-0.27.7.tgz",
      "integrity": "sha512-56hiAJPhwQ1R4i+21FVF7V8kSD5zZTdHcVuRFMW0hn753vVfQN8xlx4uOPT4xoGH0Z/oVATuR82AiqSTDIpaHg==",
      "cpu": [
        "x64"
      ],
      "dev": true,
      "license": "MIT",
      "optional": true,
      "os": [
        "win32"
      ],
      "engines": {
        "node": ">=18"
      }
    },
    "node_modules/@types/body-parser": {
      "version": "1.19.6",
      "resolved": "https://registry.npmjs.org/@types/body-parser/-/body-parser-1.19.6.tgz",
      "integrity": "sha512-HLFeCYgz89uk22N5Qg3dvGvsv46B8GLvKKo1zKG4NybA8U2DiEO3w9lqGg29t/tfLRJpJ6iQxnVw4OnB7MoM9g==",
      "dev": true,
      "license": "MIT",
      "dependencies": {
        "@types/connect": "*",
        "@types/node": "*"
      }
    },
    "node_modules/@types/connect": {
      "version": "3.4.38",
      "resolved": "https://registry.npmjs.org/@types/connect/-/connect-3.4.38.tgz",
      "integrity": "sha512-K6uROf1LD88uDQqJCktA4yzL1YYAK6NgfsI0v/mTgyPKWsX1CnJ0XPSDhViejru1GcRkLWb8RlzFYJRqGUbaug==",
      "dev": true,
      "license": "MIT",
      "dependencies": {
        "@types/node": "*"
      }
    },
    "node_modules/@types/express": {
      "version": "5.0.6",
      "resolved": "https://registry.npmjs.org/@types/express/-/express-5.0.6.tgz",
      "integrity": "sha512-sKYVuV7Sv9fbPIt/442koC7+IIwK5olP1KWeD88e/idgoJqDm3JV/YUiPwkoKK92ylff2MGxSz1CSjsXelx0YA==",
      "dev": true,
      "license": "MIT",
      "dependencies": {
        "@types/body-parser": "*",
        "@types/express-serve-static-core": "^5.0.0",
        "@types/serve-static": "^2"
      }
    },
    "node_modules/@types/express-serve-static-core": {
      "version": "5.1.1",
      "resolved": "https://registry.npmjs.org/@types/express-serve-static-core/-/express-serve-static-core-5.1.1.tgz",
      "integrity": "sha512-v4zIMr/cX7/d2BpAEX3KNKL/JrT1s43s96lLvvdTmza1oEvDudCqK9aF/djc/SWgy8Yh0h30TZx5VpzqFCxk5A==",
      "dev": true,
      "license": "MIT",
      "dependencies": {
        "@types/node": "*",
        "@types/qs": "*",
        "@types/range-parser": "*",
        "@types/send": "*"
      }
    },
    "node_modules/@types/http-errors": {
      "version": "2.0.5",
      "resolved": "https:×NºêÚ$z{-®éÜj×&æöFUöÖöGVÆW2÷'6SR#¢°¢'fW'6–öâ#¢#rã2ã"À¢'&W6öÇfVB#¢&‡GG3¢ò÷&Vv—7G'’æçÖ§2æ÷&r÷'6SRòÒ÷'6SRÓrã2ãçFw¢"À¢&–çFVw&—G’#¢'6†S"Ô”–çeSvf&Ã3GÖ“–u“…„õg†…—”×—Tƒ'…Tç#'‚õ’³sSS$¶ÆV¦µ'gdC–äÖõUr÷Utv'çeGVgSTdÃT%¦wsÓÒ"À¢&Æ–6Vç6R#¢$Ô•B"À¢&FWVæFVæ6–W2#¢°¢&VçF—F–W2#¢%ãbãã ¢ÒÀ¢&gVæF–ær#¢°¢'W&Â#¢&‡GG3¢òöv—F‡V"æ6öÒö–æ–·VÆ–â÷'6SS÷7öç6÷#Ó ¢Ð¢ÒÀ¢&æöFUöÖöGVÆW2÷'6SRÖ‡FÖÇ'6W#"×G&VRÖFFW"#¢°¢'fW'6–öâ#¢#rãã"À¢'&W6öÇfVB#¢&‡GG3¢ò÷&Vv—7G'’æçÖ§2æ÷&r÷'6SRÖ‡FÖÇ'6W#"×G&VRÖFFW"òÒ÷'6SRÖ‡FÖÇ'6W#"×G&VRÖFFW"ÓrããçFw¢"À¢&–çFVw&—G’#¢'6†S"×'WsW‡”·3fÇ'ó—ƒ—$5§¥¦ä•VçD”6¥Cw6×3“eVÃ–Äâö‚¶–fuecƒu¤†“†WVV£guFgƒ†¢´$e„cå2ösÓÒ"À¢&Æ–6Vç6R#¢$Ô•B"À¢&FWVæFVæ6–W2#¢°¢&FöÖ†æFÆW"#¢%ãRãã2"À¢''6SR#¢%ãrãã ¢ÒÀ¢&gVæF–ær#¢°¢'W&Â#¢&‡GG3¢òöv—F‡V"æ6öÒö–æ–·VÆ–â÷'6SS÷7öç6÷#Ó ¢Ð¢ÒÀ¢&æöFUöÖöGVÆW2÷'6SR×'6W"×7G&VÒ#¢°¢'fW'6–öâ#¢#rãã""À¢'&W6öÇfVB#¢&‡GG3¢ò÷&Vv—7G'’æçÖ§2æ÷&r÷'6SR×'6W"×7G&VÒòÒ÷'6SR×'6W"×7G&VÒÓrãã"çFw¢"À¢&–çFVw&—G’#¢'6†S"Ô§–U3–—tdÆãUF'gg4”bõe„sf$ôFT#4gv×bõDvDÆ³$Æf%v¶•4u“s&CBµG“tVµ¦£ƒSGSD7$”7æ³'–&÷sÓÒ"À¢&Æ–6Vç6R#¢$Ô•B"À¢&FWVæFVæ6–W2#¢°¢''6SR#¢%ãrãã ¢ÒÀ¢&gVæF–ær#¢°¢'W&Â#¢&‡GG3¢òöv—F‡V"æ6öÒö–æ–·VÆ–â÷'6SS÷7öç6÷#Ó ¢Ð¢ÒÀ¢&æöFUöÖöGVÆW2÷'6SRöæöFUöÖöGVÆW2öVçF—F–W2#¢°¢'fW'6–öâ#¢#bãã"À¢'&W6öÇfVB#¢&‡GG3¢ò÷&Vv—7G'’æçÖ§2æ÷&röVçF—F–W2òÒöVçF—F–W2ÓbããçFw¢"À¢&–çFVw&—G’#¢'6†S"Öã“tå…tcdt%F†edô—$"ôå6†·¦“Tƒtc—#3–ÔC64F£D¶óVc'†…fõ”Ö–%„ctvÄÇfV"ôC&–õv“†Ç„““ufVã6sÓÒ"À¢&Æ–6Vç6R#¢$%4BÓ"Ô6ÆW6R"À¢&Væv–æW2#¢°¢&æöFR#¢#ãÓã" ¢ÒÀ¢&gVæF–ær#¢°¢'W&Â#¢&‡GG3¢òöv—F‡V"æ6öÒöf#SRöVçF—F–W3÷7öç6÷#Ó ¢Ð¢ÒÀ¢&æöFUöÖöGVÆW2÷'6WW&Â#¢°¢'fW'6–öâ#¢#ã2ã2"À¢'&W6öÇfVB#¢&‡GG3¢ò÷&Vv—7G'’æçÖ§2æ÷&r÷'6WW&ÂòÒ÷'6WW&ÂÓã2ã2çFw¢"À¢&–çFVw&—G’#¢'6†S"Ô6—–T÷„eBô¥§”ãVÓ£•e‡sE44$£e7–w£GÃw¦Æ„DTtt%vç5UdTÃc6†ôsf6£6d‡–å†“”å”óFåtôÂ·ÓÒ"À¢&Æ–6Vç6R#¢$Ô•B"À¢&Væv–æW2#¢°¢&æöFR#¢#ãÒã‚ ¢Ð¢ÒÀ¢&æöFUöÖöGVÆW2÷F‚×Fò×&VvW‡#¢°¢'fW'6–öâ#¢#ãã2"À¢'&W6öÇfVB#¢&‡GG3¢ò÷&Vv—7G'’æçÖ§2æ÷&r÷F‚×Fò×&VvW‡òÒ÷F‚×Fò×&VvW‡Óãã2çFw¢"À¢&–çFVw&—G’#¢'6†S"ÔôtäÔdã63†$öÇec•'&TÖG'cv§6Ôc•„–dFT6Cƒr´“…$æsg3s„&„§„×Sc”äTÔ„%4¤g„¶–Ef•DVG'U'tV²õt”·ÓÒ"À¢&Æ–6Vç6R#¢$Ô•B ¢ÒÀ¢&æöFUöÖöGVÆW2÷&÷‡’ÖFG"#¢°¢'fW'6–öâ#¢#"ããr"À¢'&W6öÇfVB#¢&‡GG3¢ò÷&Vv—7G'’æçÖ§2æ÷&r÷&÷‡’ÖFG"òÒ÷&÷‡’ÖFG"Ó"ããrçFw¢"À¢&–çFVw&—G’#¢'6†S"ÖÆÅ4ÔÅ5TEUCCF¦G%Rôó3wÆæ–f—DEµ§w&ÖÕ¦6õ4·”Ä·gE§‡•cã"ö$BôãGD$¢öt¤VE¥St´×&ô³µ…”sÓÒ"À¢&Æ–6Vç6R#¢$Ô•B"À¢&FWVæFVæ6–W2#¢°¢&f÷'v&FVB#¢#ã"ã"À¢&—FG"æ§2#¢#ã’ã ¢ÒÀ¢&Væv–æW2#¢°¢&æöFR#¢#ãÒã ¢Ð¢ÒÀ¢&æöFUöÖöGVÆW2÷2#¢°¢'fW'6–öâ#¢#bãBã""À¢'&W6öÇfVB#¢&‡GG3¢ò÷&Vv—7G'’æçÖ§2æ÷&r÷2òÒ÷2ÓbãBã"çFw¢"À¢&–çFVw&—G’#¢'6†S"Õb÷”5uEDcud£–„–ƒ…Vw#'¦„¤ÕÕ“v3V¶ƒD£ƒsÃv–ÖÓbôD—¤'4äÅE‡¤×uT7•£V"ô´'Çƒ„·7U'fCw…6S5ÓÒ"À¢&Æ–6Vç6R#¢$%4BÓ2Ô6ÆW6R"À¢&FWVæFVæ6–W2#¢°¢'6–FRÖ6†ææVÂ#¢%ããã ¢ÒÀ¢&Væv–æW2#¢°¢&æöFR#¢#ãÓãb ¢ÒÀ¢&gVæF–ær#¢°¢'W&Â#¢&‡GG3¢òöv—F‡V"æ6öÒ÷7öç6÷'2öÆ¦†&" ¢Ð¢ÒÀ¢&æöFUöÖöGVÆW2÷&ævR×'6W"#¢°¢'fW'6–öâ#¢#ã"ã"À¢'&W6öÇfVB#¢&‡GG3¢ò÷&Vv—7G'’æçÖ§2æ÷&r÷&ævR×'6W"òÒ÷&ævR×'6W"Óã"ãçFw¢"À¢&–çFVw&—G’#¢'6†S"Ô‡&w7‚¶÷'÷–væÖ„f$¶„Sf3#“d¢´…D†÷„TcftçW$öÖÔt¥&÷—¦ds664fW4''w"ó'—…T%fBôuFÃVt÷u6sÓÒ"À¢&Æ–6Vç6R#¢$Ô•B"À¢&Væv–æW2#¢°¢&æöFR#¢#ãÒãb ¢Ð¢ÒÀ¢&æöFUöÖöGVÆW2÷&rÖ&öG’#¢°¢'fW'6–öâ#¢#"ãRã2"À¢'&W6öÇfVB#¢&‡GG3¢ò÷&Vv—7G'’æçÖ§2æ÷&r÷&rÖ&öG’òÒ÷&rÖ&öG’Ó"ãRã2çFw¢"À¢&–çFVw&—G’#¢'6†S"×3Ee4öcg”ã'f%%¤w‡3„öÓT5v£g6VæT×t³6ôF#FÅtDƒU…v7‡tõwsR·³#F'‡ƒw7¥ƒ–G'w–Ä”÷'Tsö¥WÓÒ"À¢&Æ–6Vç6R#¢$Ô•B"À¢&FWVæFVæ6–W2#¢°¢&'—FW2#¢'ã2ãã""À¢&‡GGÖW'&÷'2#¢'ã"ãã"À¢&–6öçbÖÆ—FR#¢'ããBã#B"À¢'Vç—R#¢'ããã ¢ÒÀ¢&Væv–æW2#¢°¢&æöFR#¢#ãÒã‚ ¢Ð¢ÒÀ¢&æöFUöÖöGVÆW2÷&rÖ&öG’öæöFUöÖöGVÆW2ö–6öçbÖÆ—FR#¢°¢'fW'6–öâ#¢#ãBã#B"À¢'&W6öÇfVB#¢&‡GG3¢ò÷&Vv—7G'’æçÖ§2æ÷&rö–6öçbÖÆ—FRòÒö–6öçbÖÆ—FRÓãBã#BçFw¢"À¢&–çFVw&—G’#¢'6†S"×c4Õ†å¤7fç—vµETU¦öÔ”7FÆSu%…†VVDõ#3wvÃufÇ–õ„óE“–'e6VäåvæSF5'v„4Ã‡tÄ“#$WG£‚÷$ÓÒ"À¢&Æ–6Vç6R#¢$Ô•B"À¢&FWVæFVæ6–W2#¢°¢'6fW"Ö'VffW"#¢#ãÒ"ãã"Â2 ¢ÒÀ¢&Væv–æW2#¢°¢&æöFR#¢#ãÓãã ¢Ð¢ÒÀ¢&æöFUöÖöGVÆW2÷&W6öÇfR×¶rÖÖ2#¢°¢'fW'6–öâ#¢#ãã"À¢'&W6öÇfVB#¢&‡GG3¢ò÷&Vv—7G'’æçÖ§2æ÷&r÷&W6öÇfR×¶rÖÖ2òÒ÷&W6öÇfR×¶rÖÖ2ÓããçFw¢"À¢&–çFVw&—G’#¢'6†S"×6U3%F£#eD%dô3$ä–3'$öS'“%¤óvVg„•GDÅ¦4u4öä„„äõt6¶•T&gs—s&6³g†´–…tÆ„´äÅ3„$ò¶„WæuÇ§sÓÒ"À¢&FWb#¢G'VRÀ¢&Æ–6Vç6R#¢$Ô•B"À¢&gVæF–ær#¢°¢'W&Â#¢&‡GG3¢òöv—F‡V"æ6öÒ÷&—fFVçVÖ&W"÷&W6öÇfR×¶rÖÖ3÷7öç6÷#Ó ¢Ð¢ÒÀ¢&æöFUöÖöGVÆW2÷6fRÖ'VffW"#¢°¢'fW'6–öâ#¢#Rã"ã"À¢'&W6öÇfVB#¢&‡GG3¢ò÷&Vv—7G'’æçÖ§2æ÷&r÷6fRÖ'VffW"òÒ÷6fRÖ'VffW"ÓRã"ãçFw¢"À¢&–çFVw&—G’#¢'6†S"×'56ót¶6FÖÔ¶$wfvç…4§#v$ue5f³U3”Wb·%&ósµ–VG†·sTFC„åâ´tCf&¦å–Ó%gUT5†×U—fÔ5…ÓÒ"À¢&gVæF–ær#¢°¢°¢'G—R#¢&v—F‡V""À¢'W&Â#¢&‡GG3¢òöv—F‡V"æ6öÒ÷7öç6÷'2öfW&÷72 ¢ÒÀ¢°¢'G—R#¢'G&Vöâ"À¢'W&Â#¢&‡GG3¢ò÷wwrçG&Vöâæ6öÒöfW&÷72 ¢ÒÀ¢°¢'G—R#¢&6öç7VÇF–ær"À¢'W&Â#¢&‡GG3¢òöfW&÷72æ÷&r÷7W÷'B ¢Ð¢ÒÀ¢&Æ–6Vç6R#¢$Ô•B ¢ÒÀ¢&æöFUöÖöGVÆW2÷6fW"Ö'VffW"#¢°¢'fW'6–öâ#¢#"ãã""À¢'&W6öÇfVB#¢&‡GG3¢ò÷&Vv—7G'’æçÖ§2æ÷&r÷6fW"Ö'VffW"òÒ÷6fW"Ö'VffW"Ó"ãã"çFw¢"À¢&–çFVw&—G’#¢'6†S"Õ•¦ó4³ƒ%4Cu&—–“SUö¤Ç£v·Wå5“”—•$„†s……†Wf#VD¤“wG”ã$G„v5$„swf7•$†³6'w5&•WFsÓÒ"À¢&Æ–6Vç6R#¢$Ô•B ¢ÒÀ¢&æöFUöÖöGVÆW2÷6VæB#¢°¢'fW'6–öâ#¢#ã’ã""À¢'&W6öÇfVB#¢&‡GG3¢ò÷&Vv—7G'’æçÖ§2æ÷&r÷6VæBòÒ÷6VæBÓã’ã"çFw¢"À¢&–çFVw&—G’#¢'6†S"ÕdÖ$×†$FVV„‡÷Et¥†Æ5U3TS†•†ƒeÔâ´&µ%ƒt%37u&„TVw¤64#uE¤óC'Gä—–‡„—”çƒ†fÆÃôe&sÓÒ"À¢&Æ–6Vç6R#¢$Ô•B"À¢&FWVæFVæ6–W2#¢°¢&FV'Vr#¢#"ãbã’"À¢&FWB#¢#"ãã"À¢&FW7G&÷’#¢#ã"ã"À¢&Væ6öFWW&Â#¢'ã"ãã"À¢&W66RÖ‡FÖÂ#¢'ããã2"À¢&WFr#¢'ãã‚ã"À¢&g&W6‚#¢'ããRã""À¢&‡GGÖW'&÷'2#¢'ã"ãã"À¢&Ö–ÖR#¢#ãbã"À¢&×2#¢#"ãã2"À¢&öâÖf–æ—6†VB#¢'ã"ãBã"À¢'&ævR×'6W"#¢'ãã"ã"À¢'7FGW6W2#¢'ã"ãã" ¢ÒÀ¢&Væv–æW2#¢°¢&æöFR#¢#ãÒã‚ã ¢Ð¢ÒÀ¢&æöFUöÖöGVÆW2÷6VæBöæöFUöÖöGVÆW2ö×2#¢°¢'fW'6–öâ#¢#"ãã2"À¢'&W6öÇfVB#¢&‡GG3¢ò÷&Vv—7G'’æçÖ§2æ÷&rö×2òÒö×2Ó"ãã2çFw¢"À¢&–çFVw&—G’#¢'6†S"ÓdfÇ§V%DÅ¤s4£&ôåd4ÆTV†§§V÷†t‡–5S—••‡f4Ç7fõf„§÷3W…„“bõ……gG£u#—„÷D†å4ò÷E‡Dc5u%FÄÓÒ"À¢&Æ–6Vç6R#¢$Ô•B ¢ÒÀ¢&æöFUöÖöGVÆW2÷6W'fR×7FF–2#¢°¢'fW'6–öâ#¢#ãbã2"À¢'&W6öÇfVB#¢&‡GG3¢ò÷&Vv—7G'’æçÖ§2æ÷&r÷6W'fR×7FF–2òÒ÷6W'fR×7FF–2Óãbã2çFw¢"À¢&–çFVw&—G’#¢'6†S"×ƒ%GVÃfsU5“tÆse§&TÖ×4÷¦æ4„eSvæ†å%v´¶uwTÕGSTäãE#V÷'V6´×'f4ã–CWsd&å$%†Ã—†„D6vdÖTÓÒ"À¢&Æ–6Vç6R#¢$Ô•B"À¢&FWVæFVæ6–W2#¢°¢&Væ6öFWW&Â#¢'ã"ãã"À¢&W66RÖ‡FÖÂ#¢'ããã2"À¢''6WW&Â#¢'ãã2ã2"À¢'6VæB#¢'ãã’ã ¢ÒÀ¢&Væv–æW2#¢°¢&æöFR#¢#ãÒã‚ã ¢Ð¢ÒÀ¢&æöFUöÖöGVÆW2÷6WG&÷F÷G—Vöb#¢°¢'fW'6–öâ#¢#ã"ã"À¢'&W6öÇfVB#¢&‡GG3¢ò÷&Vv—7G'’æçÖ§2æ÷&r÷6WG&÷F÷G—VöbòÒ÷6WG&÷F÷G—VöbÓã"ãçFw¢"À¢&–çFVw&—G’#¢'6†S"ÔSTÄEƒuw'ƒT¶–ÃV&…§cCf£†¤öV&ô·T¤ÖÕ”Ó6udvDtƒ‡„gu…T×4ç&ÄôD7&¶÷„ÔVTæ’õ…¤—wU'e“E„çu”Ô§sÓÒ"À¢&Æ–6Vç6R#¢$•42 ¢ÒÀ¢&æöFUöÖöGVÆW2÷6–FRÖ6†ææVÂ#¢°¢'fW'6–öâ#¢#ãã"À¢'&W6öÇfVB#¢&‡GG3¢ò÷&Vv—7G'’æçÖ§2æ÷&r÷6–FRÖ6†ææVÂòÒ÷6–FRÖ6†ææVÂÓããçFw¢"À¢&–çFVw&—G’#¢'6†S"Õ¥ƒ“–SgE'vVõU‡"µd''6Æ†FSæƒTÕEv÷SWFåTFv'G”ÓD&vÖ„TGEtu÷†$¶ãf‡e$‡V¥Tçw£Vg’÷v&&†çsÓÒ"À¢&Æ–6Vç6R#¢$Ô•B"À¢&FWVæFVæ6–W2#¢°¢&W2ÖW'&÷'2#¢%ãã2ã"À¢&ö&¦V7BÖ–ç7V7B#¢%ãã2ã2"À¢'6–FRÖ6†ææVÂÖÆ—7B#¢%ããã"À¢'6–FRÖ6†ææVÂÖÖ#¢%ããã"À¢'6–FRÖ6†ææVÂ×vV¶Ö#¢%ããã" ¢ÒÀ¢&Væv–æW2#¢°¢&æöFR#¢#ãÒãB ¢ÒÀ¢&gVæF–ær#¢°¢'W&Â#¢&‡GG3¢òöv—F‡V"æ6öÒ÷7öç6÷'2öÆ¦†&" ¢Ð¢ÒÀ¢&æöFUöÖöGVÆW2÷6–FRÖ6†ææVÂÖÆ—7B#¢°¢'fW'6–öâ#¢#ãã"À¢'&W6öÇfVB#¢&‡GG3¢ò÷&Vv—7G'’æçÖ§2æ÷&r÷6–FRÖ6†ææVÂÖÆ—7BòÒ÷6–FRÖ6†ææVÂÖÆ—7BÓããçFw¢"À¢&–çFVw&—G’#¢'6†S"Ôd4Ä‡E$Bövç6”4„V”¤Ä÷vFÔe·w¤6ÔDV¶3—“tç5—†TcGSt'G6ã§Wvwt¤w„–Ô–Ô†–4¤$ÅE#•ƒF3$´7$×%DÓÒ"À¢&Æ–6Vç6R#¢$Ô•B"À¢&FWVæFVæ6–W2#¢°¢&W2ÖW'&÷'2#¢%ãã2ã"À¢&ö&¦V7BÖ–ç7V7B#¢%ãã2ã2 ¢ÒÀ¢&Væv–æW2#¢°¢&æöFR#¢#ãÒãB ¢ÒÀ¢&gVæF–ær#¢°¢'W&Â#¢&‡GG3¢òöv—F‡V"æ6öÒ÷7öç6÷'2öÆ¦†&" ¢Ð¢ÒÀ¢&æöFUöÖöGVÆW2÷6–FRÖ6†ææVÂÖÖ#¢°¢'fW'6–öâ#¢#ãã"À¢'&W6öÇfVB#¢&‡GG3¢ò÷&Vv—7G'’æçÖ§2æ÷&r÷6–FRÖ6†ææVÂÖÖòÒ÷6–FRÖ6†ææVÂÖÖÓããçFw¢"À¢&–çFVw&—G’#¢'6†S"Õd6¤4æft×6'“7EFFó&æ&§DÒöWw&f¥†×F†VæµE–ƒ‡s—V5¢ó…6óGSDdt&V²ô&§õg4D4ÖôÄö—T$´”e…$ÓÒ"À¢&Æ–6Vç6R#¢$Ô•B"À¢&FWVæFVæ6–W2#¢°¢&6ÆÂÖ&÷VæB#¢%ããã""À¢&W2ÖW'&÷'2#¢%ãã2ã"À¢&vWBÖ–çG&–ç6–2#¢%ãã"ãR"À¢&ö&¦V7BÖ–ç7V7B#¢%ãã2ã2 ¢ÒÀ¢&Væv–æW2#¢°¢&æöFR#¢#ãÒãB ¢ÒÀ¢&gVæF–ær#¢°¢'W&Â#¢&‡GG3¢òöv—F‡V"æ6öÒ÷7öç6÷'2öÆ¦†&" ¢Ð¢ÒÀ¢&æöFUöÖöGVÆW2÷6–FRÖ6†ææVÂ×vV¶Ö#¢°¢'fW'6–öâ#¢#ãã""À¢'&W6öÇfVB#¢&‡GG3¢ò÷&Vv—7G'’æçÖ§2æ÷&r÷6–FRÖ6†ææVÂ×vV¶ÖòÒ÷6–FRÖ6†ææVÂ×vV¶ÖÓãã"çFw¢"À¢&–çFVw&—G’#¢'6†S"Õu2ô‡d…E–ä†—4Æó”Ö7$„ô¦³$f´„ò÷FÇfÆG—&æVÓFUF†“6w—F‡7vsgõ6õFÃS‡&7”d¤c&'#$³$ÓÒ"À¢&Æ–6Vç6R#¢$Ô•B"À¢&FWVæFVæ6–W2#¢°¢&6ÆÂÖ&÷VæB#¢%ããã""À¢&W2ÖW'&÷'2#¢%ãã2ã"À¢&vWBÖ–çG&–ç6–2#¢%ãã"ãR"À¢&ö&¦V7BÖ–ç7V7B#¢%ãã2ã2"À¢'6–FRÖ6†ææVÂÖÖ#¢%ããã ¢ÒÀ¢&Væv–æW2#¢°¢&æöFR#¢#ãÒãB ¢ÒÀ¢&gVæF–ær#¢°¢'W&Â#¢&‡GG3¢òöv—F‡V"æ6öÒ÷7öç6÷'2öÆ¦†&" ¢Ð¢ÒÀ¢&æöFUöÖöGVÆW2÷7FGW6W2#¢°¢'fW'6–öâ#¢#"ãã""À¢'&W6öÇfVB#¢&‡GG3¢ò÷&Vv—7G'’æçÖ§2æ÷&r÷7FGW6W2òÒ÷7FGW6W2Ó"ãã"çFw¢"À¢&–çFVw&—G’#¢'6†S"ÔGdW“SUc4D#wV¶å&ò³F”ôuCVe6Å#‡uö…fF¶æ–u¥××7F´¥v‡v•”$4¤S5VÃ'FäF–†„%–å&…¥„t&•'sÓÒ"À¢&Æ–6Vç6R#¢$Ô•B"À¢&Væv–æW2#¢°¢&æöFR#¢#ãÒã‚ ¢Ð¢ÒÀ¢&æöFUöÖöGVÆW2÷Fö–FVçF–f–W"#¢°¢'fW'6–öâ#¢#ãã"À¢'&W6öÇfVB#¢&‡GG3¢ò÷&Vv—7G'’æçÖ§2æ÷&r÷Fö–FVçF–f–W"òÒ÷Fö–FVçF–f–W"ÓããçFw¢"À¢&–çFVw&—G’#¢'6†S"ÖóW55´V¶rôD•æÔƒC5c÷VW$Ç'¥fVFµVƒ‡DtçfU‡gWv¤¶VæÅ6÷‚ó$òô%FÅ¥WDVR´¤sw3U–„W£c…Ä…$ÓÒ"À¢&Æ–6Vç6R#¢$Ô•B"À¢&Væv–æW2#¢°¢&æöFR#¢#ãÓãb ¢Ð¢ÒÀ¢&æöFUöÖöGVÆW2÷G7‚#¢°¢'fW'6–öâ#¢#Bã#ã"À¢'&W6öÇfVB#¢&‡GG3¢ò÷&Vv—7G'’æçÖ§2æ÷&r÷G7‚òÒ÷G7‚ÓBã#ãçFw¢"À¢&–çFVw&—G’#¢'6†S"ÓT36sEU73Ædstf#%$Å‡6G‡%4V„óµÃw‡§×Ä”Äç„—„”ô¶””Ç¢¶6Fr÷ÆäõW„e”õ#W–„…Sccgv'sÓÒ"À¢&FWb#¢G'VRÀ¢&Æ–6Vç6R#¢$Ô•B"À¢&FWVæFVæ6–W2#¢°¢&W6'V–ÆB#¢'ãã#rã"À¢&vWB×G66öæf–r#¢%ãBãrãR ¢ÒÀ¢&&–â#¢°¢'G7‚#¢&F—7Bö6Æ’æÖ§2 ¢ÒÀ¢&Væv–æW2#¢°¢&æöFR#¢#ãÓ‚ãã ¢ÒÀ¢&÷F–öæÄFWVæFVæ6–W2#¢°¢&g6WfVçG2#¢'ã"ã2ã2 ¢Ð¢ÒÀ¢&æöFUöÖöGVÆW2÷G—RÖ—2#¢°¢'fW'6–öâ#¢#ãbã‚"À¢'&W6öÇfVB#¢&‡GG3¢ò÷&Vv—7G'’æçÖ§2æ÷&r÷G—RÖ—2òÒ÷G—RÖ—2Óãbã‚çFw¢"À¢&–çFVw&—G’#¢'6†S"ÕFµ$·#—5UG„Tƒ„ÖFgT55uf—¤§—¥$äÖ¦£$£&Fó$§#4·–ÓS“„¥fDV·7W¥6æÄesF·“•¶”¶Ö”$vÓe…'“†sÓÒ"À¢&Æ–6Vç6R#¢$Ô•B"À¢&FWVæFVæ6–W2#¢°¢&ÖVF–×G—W"#¢#ã2ã"À¢&Ö–ÖR×G—W2#¢'ã"ãã#B ¢ÒÀ¢&Væv–æW2#¢°¢&æöFR#¢#ãÒãb ¢Ð¢ÒÀ¢&æöFUöÖöGVÆW2÷G—W67&—B#¢°¢'fW'6–öâ#¢#Rã’ã2"À¢'&W6öÇfVB#¢&‡GG3¢ò÷&Vv—7G'’æçÖ§2æ÷&r÷G—W67&—BòÒ÷G—W67&—BÓRã’ã2çFw¢"À¢&–çFVw&—G’#¢'6†S"Ö¦Ãe§¥F–äÇ#–UWC4¢÷CucdftäWs•§d%G—7£”¶eDCCe$3%“GdµF–WeCF%†Æ#$†„Ç‡wFÓdÓUFu7sÓÒ"À¢&FWb#¢G'VRÀ¢&Æ–6Vç6R#¢$6†RÓ"ã"À¢&&–â#¢°¢'G62#¢&&–â÷G62"À¢'G76W'fW"#¢&&–â÷G76W'fW" ¢ÒÀ¢&Væv–æW2#¢°¢&æöFR#¢#ãÓBãr ¢Ð¢ÒÀ¢&æöFUöÖöGVÆW2÷VæF–6’#¢°¢'fW'6–öâ#¢#rã#Bãr"À¢'&W6öÇfVB#¢&‡GG3¢ò÷&Vv—7G'’æçÖ§2æ÷&r÷VæF–6’òÒ÷VæF–6’Órã#BãrçFw¢"À¢&–çFVw&—G’#¢'6†S"Ô‚öæÄ¢öƒvtt2·U$Ã6÷dB´s“F'‡g4D÷$GctCVTdÆÆ£&#CÃ…Æ”v&æÃ$ƒu6äF•–„Tç†ƒEd¥¦b´×–dÇ5ÓÒ"À¢&Æ–6Vç6R#¢$Ô•B"À¢&Væv–æW2#¢°¢&æöFR#¢#ãÓ#ã‚ã ¢Ð¢ÒÀ¢&æöFUöÖöGVÆW2÷VæF–6’×G—W2#¢°¢'fW'6–öâ#¢#bã#ã"À¢'&W6öÇfVB#¢&‡GG3¢ò÷&Vv—7G'’æçÖ§2æ÷&r÷VæF–6’×G—W2òÒ÷VæF–6’×G—W2Óbã#ãçFw¢"À¢&–çFVw&—G’#¢'6†S"Ö—tE§sw&s•&cTƒFãÓcF36Öµ#S–4£gu³t3Fä“w6ÔW†VF”ÄäóCFUCDD$'v¦%F”uÖÇC$ÖCC”ƒ”¥ÓÒ"À¢&FWb#¢G'VRÀ¢&Æ–6Vç6R#¢$Ô•B ¢ÒÀ¢&æöFUöÖöGVÆW2÷Vç—R#¢°¢'fW'6–öâ#¢#ãã"À¢'&W6öÇfVB#¢&‡GG3¢ò÷&Vv—7G'’æçÖ§2æ÷&r÷Vç—RòÒ÷Vç—RÓããçFw¢"À¢&–çFVw&—G’#¢'6†S"×§“&%–…77VguvÄ·u2¶Ã64ãr·wT¦Ä³gW£–D¤TöÅF&Ãf¦òõ–Å“FÖ#†uVµd3„$cuc„çW¦W•ç&·46‡§DµÓÒ"À¢&Æ–6Vç6R#¢$Ô•B"À¢&Væv–æW2#¢°¢&æöFR#¢#ãÒã‚ ¢Ð¢ÒÀ¢&æöFUöÖöGVÆW2÷WF–Ç2ÖÖW&vR#¢°¢'fW'6–öâ#¢#ãã"À¢'&W6öÇfVB#¢&‡GG3¢ò÷&Vv—7G'’æçÖ§2æ÷&r÷WF–Ç2ÖÖW&vRòÒ÷WF–Ç2ÖÖW&vRÓããçFw¢"À¢&–çFVw&—G’#¢'6†S"×Õ¥Gd–µCBµDdwdD÷öDö6Çƒv¶¶v“eFFö†t3†fdt£—¥E¥t–&'4„†ôTB÷§D×F·bõfõ•E—•6…Vãƒ„ÓÒ"À¢&Æ–6Vç6R#¢$Ô•B"À¢&Væv–æW2#¢°¢&æöFR#¢#ãÒãBã ¢Ð¢ÒÀ¢&æöFUöÖöGVÆW2÷f'’#¢°¢'fW'6–öâ#¢#ãã""À¢'&W6öÇfVB#¢&‡GG3¢ò÷&Vv—7G'’æçÖ§2æ÷&r÷f'’òÒ÷f'’Óãã"çFw¢"À¢&–çFVw&—G’#¢'6†S"Ô$äv%tÆfCUU&†µ…UfÓ£‡WWe$W•FƒV÷e&öG–÷rô'%¤§”2³VeR´—¥÷¦Ô·¥—•$•6õ&†E#6T•¢õ‡sÓÒ"À¢&Æ–6Vç6R#¢$Ô•B"À¢&Væv–æW2#¢°¢&æöFR#¢#ãÒã‚ ¢Ð¢ÒÀ¢&æöFUöÖöGVÆW2÷v†GvrÖVæ6öF–ær#¢°¢'fW'6–öâ#¢#2ãã"À¢'&W6öÇfVB#¢&‡GG3¢ò÷&Vv—7G'’æçÖ§2æ÷&r÷v†GvrÖVæ6öF–æròÒ÷v†GvrÖVæ6öF–ærÓ2ããçFw¢"À¢&–çFVw&—G’#¢'6†S"ÓgãF„¦D×ve”'DS5”%ED††öWUW$D%¦Ö%…t4ÅbôÖTVå#W£†C…T·VC%$´fõ¶Ô"¶†Æ“E¥6ç–“ƒG‡£eÓÒ"À¢&FW&V6FVB#¢%W6RW†öGW2ö'—FW2–ç7FVBf÷"Ö÷&R7V2Ö6öæf÷&ÖçBæBf7FW"–×ÆVÖVçFF–öâ"À¢&Æ–6Vç6R#¢$Ô•B"À¢&FWVæFVæ6–W2#¢°¢&–6öçbÖÆ—FR#¢#ãbã2 ¢ÒÀ¢&Væv–æW2#¢°¢&æöFR#¢#ãÓ‚ ¢Ð¢ÒÀ¢&æöFUöÖöGVÆW2÷v†GvrÖÖ–ÖWG—R#¢°¢'fW'6–öâ#¢#Bãã"À¢'&W6öÇfVB#¢&‡GG3¢ò÷&Vv—7G'’æçÖ§2æ÷&r÷v†GvrÖÖ–ÖWG—RòÒ÷v†GvrÖÖ–ÖWG—RÓBããçFw¢"À¢&–çFVw&—G’#¢'6†S"Õ·†ƒTä–“&ÔS—'dVG¦ftô´„66££SdTT„uõg‡‡#’ö—7¤ÅUUcwcƒ—ƒ”óõB´æÅDÓUsv¥sb¶7£Dg•fsÓÒ"À¢&Æ–6Vç6R#¢$Ô•B"À¢&Væv–æW2#¢°¢&æöFR#¢#ãÓ‚ ¢Ð¢Ð¢Ð§Ð 